
Microsoft Visual Studio Solution File, Format Version 12.00
# Visual Studio 2013
VisualStudioVersion = 12.0.30501.0
MinimumVisualStudioVersion = 10.0.40219.1
Project("{FAE04EC0-301F-11D3-BF4B-00C04F79EFBC}") = "IdentityManagement", "IdentityManagement\IdentityManagement.csproj", "{7181DA05-8ABD-43C3-AE9A-69C619F3743E}"
EndProject
Project("{FAE04EC0-301F-11D3-BF4B-00C04F79EFBC}") = "StravaChallenge.Web", "StravaChallenge.Web\StravaChallenge.Web.csproj", "{19C26448-E6F7-4753-B306-782D29B37F71}"
EndProject
Global
	GlobalSection(SolutionConfigurationPlatforms) = preSolution
		Debug|Any CPU = Debug|Any CPU
		Release|Any CPU = Release|Any CPU
	EndGlobalSection
	GlobalSection(ProjectConfigurationPlatforms) = postSolution
		{7181DA05-8ABD-43C3-AE9A-69C619F3743E}.Debug|Any CPU.ActiveCfg = Debug|Any CPU
		{7181DA05-8ABD-43C3-AE9A-69C619F3743E}.Debug|Any CPU.Build.0 = Debug|Any CPU
		{7181DA05-8ABD-43C3-AE9A-69C619F3743E}.Release|Any CPU.ActiveCfg = Release|Any CPU
		{7181DA05-8ABD-43C3-AE9A-69C619F3743E}.Release|Any CPU.Build.0 = Release|Any CPU
		{19C26448-E6F7-4753-B306-782D29B37F71}.Debug|Any CPU.ActiveCfg = Debug|Any CPU
		{19C26448-E6F7-4753-B306-782D29B37F71}.Debug|Any CPU.Build.0 = Debug|Any CPU
		{19C26448-E6F7-4753-B306-782D29B37F71}.Release|Any CPU.ActiveCfg = Release|Any CPU
		{19C26448-E6F7-4753-B306-782D29B37F71}.Release|Any CPU.Build.0 = Release|Any CPU
	EndGlobalSection
	GlobalSection(SolutionProperties) = preSolution
		HideSolutionNode = FALSE
	EndGlobalSection
EndGlobal
